
Microsoft Visual Studio Solution File, Format Version 12.00
# Visual Studio Version 17
VisualStudioVersion = 17.13.35931.197
MinimumVisualStudioVersion = 10.0.40219.1
Project("{FAE04EC0-301F-11D3-BF4B-00C04F79EFBC}") = "LibraryMongo", "LibraryMongo.csproj", "{BA8F95E5-2A2F-49AC-BF3D-3C03C8A3EF33}"
EndProject
Project("{FAE04EC0-301F-11D3-BF4B-00C04F79EFBC}") = "LibraryMongo.Database", "..\LibraryMongo.Database\LibraryMongo.Database.csproj", "{4A4E2705-DC70-4784-A866-4DAAEA395D34}"
EndProject
Project("{FAE04EC0-301F-11D3-BF4B-00C04F79EFBC}") = "LibraryMongo.Models", "..\LibraryMongo.Models\LibraryMongo.Models.csproj", "{78FEE819-ABD6-4DDD-92BA-41CECE76742D}"
EndProject
Project("{FAE04EC0-301F-11D3-BF4B-00C04F79EFBC}") = "LibraryMongo.Domain", "..\LibraryMongo.Domain\LibraryMongo.Domain.csproj", "{96A859AE-95BD-4F3C-BF9C-974C85BD45F2}"
EndProject
Project("{FAE04EC0-301F-11D3-BF4B-00C04F79EFBC}") = "LibraryMongo.Infrastructure", "..\LibraryMongo.Infrastructure\LibraryMongo.Infrastructure.csproj", "{1DE2B5A8-2B72-4DF6-A569-3D4AFE91005F}"
EndProject
Global
	GlobalSection(SolutionConfigurationPlatforms) = preSolution
		Debug|Any CPU = Debug|Any CPU
		Release|Any CPU = Release|Any CPU
	EndGlobalSection
	GlobalSection(ProjectConfigurationPlatforms) = postSolution
		{BA8F95E5-2A2F-49AC-BF3D-3C03C8A3EF33}.Debug|Any CPU.ActiveCfg = Debug|Any CPU
		{BA8F95E5-2A2F-49AC-BF3D-3C03C8A3EF33}.Debug|Any CPU.Build.0 = Debug|Any CPU
		{BA8F95E5-2A2F-49AC-BF3D-3C03C8A3EF33}.Release|Any CPU.ActiveCfg = Release|Any CPU
		{BA8F95E5-2A2F-49AC-BF3D-3C03C8A3EF33}.Release|Any CPU.Build.0 = Release|Any CPU
		{4A4E2705-DC70-4784-A866-4DAAEA395D34}.Debug|Any CPU.ActiveCfg = Debug|Any CPU
		{4A4E2705-DC70-4784-A866-4DAAEA395D34}.Debug|Any CPU.Build.0 = Debug|Any CPU
		{4A4E2705-DC70-4784-A866-4DAAEA395D34}.Release|Any CPU.ActiveCfg = Release|Any CPU
		{4A4E2705-DC70-4784-A866-4DAAEA395D34}.Release|Any CPU.Build.0 = Release|Any CPU
		{78FEE819-ABD6-4DDD-92BA-41CECE76742D}.Debug|Any CPU.ActiveCfg = Debug|Any CPU
		{78FEE819-ABD6-4DDD-92BA-41CECE76742D}.Debug|Any CPU.Build.0 = Debug|Any CPU
		{78FEE819-ABD6-4DDD-92BA-41CECE76742D}.Release|Any CPU.ActiveCfg = Release|Any CPU
		{78FEE819-ABD6-4DDD-92BA-41CECE76742D}.Release|Any CPU.Build.0 = Release|Any CPU
		{96A859AE-95BD-4F3C-BF9C-974C85BD45F2}.Debug|Any CPU.ActiveCfg = Debug|Any CPU
		{96A859AE-95BD-4F3C-BF9C-974C85BD45F2}.Debug|Any CPU.Build.0 = Debug|Any CPU
		{96A859AE-95BD-4F3C-BF9C-974C85BD45F2}.Release|Any CPU.ActiveCfg = Release|Any CPU
		{96A859AE-95BD-4F3C-BF9C-974C85BD45F2}.Release|Any CPU.Build.0 = Release|Any CPU
		{1DE2B5A8-2B72-4DF6-A569-3D4AFE91005F}.Debug|Any CPU.ActiveCfg = Debug|Any CPU
		{1DE2B5A8-2B72-4DF6-A569-3D4AFE91005F}.Debug|Any CPU.Build.0 = Debug|Any CPU
		{1DE2B5A8-2B72-4DF6-A569-3D4AFE91005F}.Release|Any CPU.ActiveCfg = Release|Any CPU
		{1DE2B5A8-2B72-4DF6-A569-3D4AFE91005F}.Release|Any CPU.Build.0 = Release|Any CPU
	EndGlobalSection
	GlobalSection(SolutionProperties) = preSolution
		HideSolutionNode = FALSE
	EndGlobalSection
	GlobalSection(ExtensibilityGlobals) = postSolution
		SolutionGuid = {830B2037-FE30-4777-9FF9-192EB961EAAF}
	EndGlobalSection
EndGlobal
